<Solution>
  <Configurations>
    <Platform Name="Any CPU" />
    <Platform Name="x64" />
    <Platform Name="x86" />
  </Configurations>
  <Folder Name="/src/">
    <Project Path="src/Contactum.Api/Contactum.Api.csproj" />
    <Project Path="src/Contactum.Application/Contactum.Application.csproj" />
    <Project Path="src/Contactum.Domain/Contactum.Domain.csproj" />
    <Project Path="src/Contactum.Infrastructure/Contactum.Infrastructure.csproj" />
  </Folder>
</Solution>
